
Microsoft Visual Studio Solution File, Format Version 12.00
# Visual Studio Version 17
VisualStudioVersion = 17.0.32126.317
MinimumVisualStudioVersion = 10.0.40219.1
Project("{FAE04EC0-301F-11D3-BF4B-00C04F79EFBC}") = "ATM-Jayrah-DeVore", "ATM-Jayrah-DeVore\ATM-Jayrah-DeVore.csproj", "{59789620-FDEA-4EC4-8815-2B9A00DC7610}"
EndProject
Global
	GlobalSection(SolutionConfigurationPlatforms) = preSolution
		Debug|Any CPU = Debug|Any CPU
		Release|Any CPU = Release|Any CPU
	EndGlobalSection
	GlobalSection(ProjectConfigurationPlatforms) = postSolution
		{59789620-FDEA-4EC4-8815-2B9A00DC7610}.Debug|Any CPU.ActiveCfg = Debug|Any CPU
		{59789620-FDEA-4EC4-8815-2B9A00DC7610}.Debug|Any CPU.Build.0 = Debug|Any CPU
		{59789620-FDEA-4EC4-8815-2B9A00DC7610}.Release|Any CPU.ActiveCfg = Release|Any CPU
		{59789620-FDEA-4EC4-8815-2B9A00DC7610}.Release|Any CPU.Build.0 = Release|Any CPU
	EndGlobalSection
	GlobalSection(SolutionProperties) = preSolution
		HideSolutionNode = FALSE
	EndGlobalSection
	GlobalSection(ExtensibilityGlobals) = postSolution
		SolutionGuid = {3D686885-1D1A-425B-BF2B-FA38B9C7D8EF}
	EndGlobalSection
EndGlobal
